{
  "name": "employee-tracker",
  "version": "1.0.0",
  "lockfileVersion": 1,
  "requires": true,
  "dependencies": {
    "@types/color-name": {
      "version": "1.1.1",
      "resolved": "https://npm.apple.com/@types/color-name/-/color-name-1.1.1.tgz",
      "integrity": "sha1-HBJhu+qhCoBVu8XYq4S3sq/IRqA="
    },
    "ansi-escapes": {
      "version": "4.3.1",
      "resolved": "https://npm.apple.com/ansi-escapes/-/ansi-escapes-4.3.1.tgz",
      "integrity": "sha1-pcR8xDGB8fOP/XB2g3cA05VSKmE=",
      "requires": {
        "type-fest": "^0.11.0"
      }
    },
    "ansi-regex": {
      "version": "5.0.0",
      "resolved": "https://npm.apple.com/ansi-regex/-/ansi-regex-5.0.0.tgz",
      "integrity": "sha1-OIU59VF5vzkznIGvMKZU1p+Hy3U="
    },
    "ansi-styles": {
      "version": "4.2.1",
      "resolved": "https://npm.apple.com/ansi-styles/-/ansi-styles-4.2.1.tgz",
      "integrity": "sha1-kK51xCTQCNJiTFvynq0xd+v881k=",
      "requires": {
        "@types/color-name": "^1.1.1",
        "color-convert": "^2.0.1"
      }
    },
    "ansicolors": {
      "version": "0.3.2",
      "resolved": "https://npm.apple.com/ansicolors/-/ansicolors-0.3.2.tgz",
      "integrity": "sha1-ZlWX3oap/+Oqm/vmyuXG6kJrSXk="
    },
    "cardinal": {
      "version": "2.1.1",
      "resolved": "https://npm.apple.com/cardinal/-/cardinal-2.1.1.tgz",
      "integrity": "sha1-fMEFXYItISlU0HsIXeolHMe8VQU=",
      "requires": {
        "ansicolors": "~0.3.2",
        "redeyed": "~2.1.0"
      }
    },
    "chalk": {
      "version": "4.1.0",
      "resolved": "https://npm.apple.com/chalk/-/chalk-4.1.0.tgz",
      "integrity": "sha1-ThSHCmGNni7dl92DRf2dncMVZGo=",
      "requires": {
        "ansi-styles": "^4.1.0",
        "supports-color": "^7.1.0"
      }
    },
    "chardet": {
      "version": "0.7.0",
      "resolved": "https://npm.apple.com/chardet/-/chardet-0.7.0.tgz",
      "integrity": "sha1-kAlISfCTfy7twkJdDSip5fDLrZ4="
    },
    "cli-cursor": {
      "version": "3.1.0",
      "resolved": "https://npm.apple.com/cli-cursor/-/cli-cursor-3.1.0.tgz",
      "integrity": "sha1-JkMFp65JDR0Dvwybp8kl0XU68wc=",
      "requires": {
        "restore-cursor": "^3.1.0"
      }
    },
    "cli-width": {
      "version": "3.0.0",
      "resolved": "https://npm.apple.com/cli-width/-/cli-width-3.0.0.tgz",
      "integrity": "sha1-ovSEN6LKqaIkNueUvwceyeYc7fY="
    },
    "clone": {
      "version": "1.0.4",
      "resolved": "https://npm.apple.com/clone/-/clone-1.0.4.tgz",
      "integrity": "sha1-2jCcwmPfFZlMaIypAheco8fNfH4=",
      "optional": true
    },
    "color-convert": {
      "version": "2.0.1",
      "resolved": "https://npm.apple.com/color-convert/-/color-convert-2.0.1.tgz",
      "integrity": "sha1-ctOmjVmMm9s68q0ehPIdiWq9TeM=",
      "requires": {
        "color-name": "~1.1.4"
      }
    },
    "color-name": {
      "version": "1.1.4",
      "resolved": "https://npm.apple.com/color-name/-/color-name-1.1.4.tgz",
      "integrity": "sha1-wqCah6y95pVD3m9j+jmVyCbFNqI="
    },
    "console.table": {
      "version": "0.10.0",
      "resolved": "https://npm.apple.com/console.table/-/console.table-0.10.0.tgz",
      "integrity": "sha1-CRcCVYiHW+/XDPLv9L7yxuLXXQQ=",
      "requires": {
        "easy-table": "1.1.0"
      }
    },
    "defaults": {
      "version": "1.0.3",
      "resolved": "https://npm.apple.com/defaults/-/defaults-1.0.3.tgz",
      "integrity": "sha1-xlYFHpgX2f8I7YgUd/P+QBnz730=",
      "optional": true,
      "requires": {
        "clone": "^1.0.2"
      }
    },
    "denque": {
      "version": "1.4.1",
      "resolved": "https://npm.apple.com/denque/-/denque-1.4.1.tgz",
      "integrity": "sha1-Z0T/dkHBSMP4ppwwflEjXB9KN88="
    },
    "easy-table": {
      "version": "1.1.0",
      "resolved": "https://npm.apple.com/easy-table/-/easy-table-1.1.0.tgz",
      "integrity": "sha1-hvmrTBAvA3G3KXuSplHVgkvIy3M=",
      "requires": {
        "wcwidth": ">=1.0.1"
      }
    },
    "emoji-regex": {
      "version": "8.0.0",
      "resolved": "https://npm.apple.com/emoji-regex/-/emoji-regex-8.0.0.tgz",
      "integrity": "sha1-6Bj9ac5cz8tARZT4QpY79TFkzDc="
    },
    "escape-string-regexp": {
      "version": "1.0.5",
      "resolved": "https://npm.apple.com/escape-string-regexp/-/escape-string-regexp-1.0.5.tgz",
      "integrity": "sha1-G2HAViGQqN/2rjuyzwIAyhMLhtQ="
    },
    "esprima": {
      "version": "4.0.1",
      "resolved": "https://npm.apple.com/esprima/-/esprima-4.0.1.tgz",
      "integrity": "sha1-E7BM2z5sXRnfkatph6hpVhmwqnE="
    },
    "external-editor": {
      "version": "3.1.0",
      "resolved": "https://npm.apple.com/external-editor/-/external-editor-3.1.0.tgz",
      "integrity": "sha1-ywP3QL764D6k0oPK7SdBqD8zVJU=",
      "requires": {
        "chardet": "^0.7.0",
        "iconv-lite": "^0.4.24",
        "tmp": "^0.0.33"
      },
      "dependencies": {
        "iconv-lite": {
          "version": "0.4.24",
          "resolved": "https://npm.apple.com/iconv-lite/-/iconv-lite-0.4.24.tgz",
          "integrity": "sha1-ICK0sl+93CHS9SSXSkdKr+czkIs=",
          "requires": {
            "safer-buffer": ">= 2.1.2 < 3"
          }
        }
      }
    },
    "figures": {
      "version": "3.2.0",
      "resolved": "https://npm.apple.com/figures/-/figures-3.2.0.tgz",
      "integrity": "sha1-YlwYvSk8YE3EqN2y/r8MiDQXRq8=",
      "requires": {
        "escape-string-regexp": "^1.0.5"
      }
    },
    "generate-function": {
      "version": "2.3.1",
      "resolved": "https://npm.apple.com/generate-function/-/generate-function-2.3.1.tgz",
      "integrity": "sha1-8GlhdpDBDIaOc7hGV0Z2T5fDR58=",
      "requires": {
        "is-property": "^1.0.2"
      }
    },
    "has-flag": {
      "version": "4.0.0",
      "resolved": "https://npm.apple.com/has-flag/-/has-flag-4.0.0.tgz",
      "integrity": "sha1-lEdx/ZyByBJlxNaUGGDaBrtZR5s="
    },
    "iconv-lite": {
      "version": "0.5.2",
      "resolved": "https://npm.apple.com/iconv-lite/-/iconv-lite-0.5.2.tgz",
      "integrity": "sha1-r21ijcz7RjtzZNl/cV5LdLjIwrg=",
      "requires": {
        "safer-buffer": ">= 2.1.2 < 3"
      }
    },
    "inquirer": {
      "version": "7.3.3",
      "resolved": "https://npm.apple.com/inquirer/-/inquirer-7.3.3.tgz",
      "integrity": "sha1-BNF2sq8Er8FXqD/XwQDpjuCq0AM=",
      "requires": {
        "ansi-escapes": "^4.2.1",
        "chalk": "^4.1.0",
        "cli-cursor": "^3.1.0",
        "cli-width": "^3.0.0",
        "external-editor": "^3.0.3",
        "figures": "^3.0.0",
        "lodash": "^4.17.19",
        "mute-stream": "0.0.8",
        "run-async": "^2.4.0",
        "rxjs": "^6.6.0",
        "string-width": "^4.1.0",
        "strip-ansi": "^6.0.0",
        "through": "^2.3.6"
      }
    },
    "is-fullwidth-code-point": {
      "version": "3.0.0",
      "resolved": "https://npm.apple.com/is-fullwidth-code-point/-/is-fullwidth-code-point-3.0.0.tgz",
      "integrity": "sha1-8Rb4Bk/pCz94RKOJl8C3UFEmnx0="
    },
    "is-property": {
      "version": "1.0.2",
      "resolved": "https://npm.apple.com/is-property/-/is-property-1.0.2.tgz",
      "integrity": "sha1-V/4cTkhHTt1lsJkR8msc1Ald2oQ="
    },
    "lodash": {
      "version": "4.17.20",
      "resolved": "https://npm.apple.com/lodash/-/lodash-4.17.20.tgz",
      "integrity": "sha1-tEqbYpe8tpjxxRo1RaKzs2jVnFI="
    },
    "long": {
      "version": "4.0.0",
      "resolved": "https://npm.apple.com/long/-/long-4.0.0.tgz",
      "integrity": "sha1-mntxz7fTYaGU6lVSQckvdGjVvyg="
    },
    "lru-cache": {
      "version": "5.1.1",
      "resolved": "https://npm.apple.com/lru-cache/-/lru-cache-5.1.1.tgz",
      "integrity": "sha1-HaJ+ZxAnGUdpXa9oSOhH8B2EuSA=",
      "requires": {
        "yallist": "^3.0.2"
      }
    },
    "mimic-fn": {
      "version": "2.1.0",
      "resolved": "https://npm.apple.com/mimic-fn/-/mimic-fn-2.1.0.tgz",
      "integrity": "sha1-ftLCzMyvhNP/y3pptXcR/CCDQBs="
    },
    "mute-stream": {
      "version": "0.0.8",
      "resolved": "https://npm.apple.com/mute-stream/-/mute-stream-0.0.8.tgz",
      "integrity": "sha1-FjDEKyJR/4HiooPelqVJfqkuXg0="
    },
    "mysql2": {
      "version": "2.1.0",
      "resolved": "https://npm.apple.com/mysql2/-/mysql2-2.1.0.tgz",
      "integrity": "sha1-Vez9Q1MRTBSMxMJTGS27/QAOZkI=",
      "requires": {
        "cardinal": "^2.1.1",
        "denque": "^1.4.1",
        "generate-function": "^2.3.1",
        "iconv-lite": "^0.5.0",
        "long": "^4.0.0",
        "lru-cache": "^5.1.1",
        "named-placeholders": "^1.1.2",
        "seq-queue": "^0.0.5",
        "sqlstring": "^2.3.1"
      }
    },
    "named-placeholders": {
      "version": "1.1.2",
      "resolved": "https://npm.apple.com/named-placeholders/-/named-placeholders-1.1.2.tgz",
      "integrity": "sha1-zrH7/1C2szSStc8hTM9eOc7z0Og=",
      "requires": {
        "lru-cache": "^4.1.3"
      },
      "dependencies": {
        "lru-cache": {
          "version": "4.1.5",
          "resolved": "https://npm.apple.com/lru-cache/-/lru-cache-4.1.5.tgz",
          "integrity": "sha1-i75Q6oW+1ZvJ4z3KuCNe6bz0Q80=",
          "requires": {
            "pseudomap": "^1.0.2",
            "yallist": "^2.1.2"
          }
        },
        "yallist": {
          "version": "2.1.2",
          "resolved": "https://npm.apple.com/yallist/-/yallist-2.1.2.tgz",
          "integrity": "sha1-HBH5IY8HYImkfdUS+TxmmaaoHVI="
        }
      }
    },
    "onetime": {
      "version": "5.1.2",
      "resolved": "https://npm.apple.com/onetime/-/onetime-5.1.2.tgz",
      "integrity": "sha1-0Oluu1awdHbfHdnEgG5SN5hcpF4=",
      "requires": {
        "mimic-fn": "^2.1.0"
      }
    },
    "os-tmpdir": {
      "version": "1.0.2",
      "resolved": "https://npm.apple.com/os-tmpdir/-/os-tmpdir-1.0.2.tgz",
      "integrity": "sha1-u+Z0BseaqFxc/sdm/lc0VV36EnQ="
    },
    "pseudomap": {
      "version": "1.0.2",
      "resolved": "https://npm.apple.com/pseudomap/-/pseudomap-1.0.2.tgz",
      "integrity": "sha1-8FKijacOYYkX7wqKw0wa5aaChrM="
    },
    "redeyed": {
      "version": "2.1.1",
      "resolved": "https://npm.apple.com/redeyed/-/redeyed-2.1.1.tgz",
      "integrity": "sha1-iYS1gV2ZyyIEacme7v/jiRPmzAs=",
      "requires": {
        "esprima": "~4.0.0"
      }
    },
    "restore-cursor": {
      "version": "3.1.0",
      "resolved": "https://npm.apple.com/restore-cursor/-/restore-cursor-3.1.0.tgz",
      "integrity": "sha1-OfZ8VLOnpYzqUjbZXPADQjljH34=",
      "requires": {
        "onetime": "^5.1.0",
        "signal-exit": "^3.0.2"
      }
    },
    "run-async": {
      "version": "2.4.1",
      "resolved": "https://npm.apple.com/run-async/-/run-async-2.4.1.tgz",
      "integrity": "sha1-hEDsz5nqPnC9QJ1JqriOEMGJpFU="
    },
    "rxjs": {
      "version": "6.6.3",
      "resolved": "https://npm.apple.com/rxjs/-/rxjs-6.6.3.tgz",
      "integrity": "sha1-jKhGNcTaqQDA05Z6buesYCce5VI=",
      "requires": {
        "tslib": "^1.9.0"
      }
    },
    "safer-buffer": {
      "version": "2.1.2",
      "resolved": "https://npm.apple.com/safer-buffer/-/safer-buffer-2.1.2.tgz",
      "integrity": "sha1-RPoWGwGHuVSd2Eu5GAL5vYOFzWo="
    },
    "seq-queue": {
      "version": "0.0.5",
      "resolved": "https://npm.apple.com/seq-queue/-/seq-queue-0.0.5.tgz",
      "integrity": "sha1-1WgS4cAXpuTnw+Ojeh2m143TyT4="
    },
    "signal-exit": {
      "version": "3.0.3",
      "resolved": "https://npm.apple.com/signal-exit/-/signal-exit-3.0.3.tgz",
      "integrity": "sha1-oUEMLt2PB3sItOJTyOrPyvBXRhw="
    },
    "sqlstring": {
      "version": "2.3.2",
      "resolved": "https://npm.apple.com/sqlstring/-/sqlstring-2.3.2.tgz",
      "integrity": "sha1-za5xaTiaE3WxjohfLmCz5GCAlRQ="
    },
    "string-width": {
      "version": "4.2.0",
      "resolved": "https://npm.apple.com/string-width/-/string-width-4.2.0.tgz",
      "integrity": "sha1-lSGCxGzHssMT0VluYjmSvRY7crU=",
      "requires": {
        "emoji-regex": "^8.0.0",
        "is-fullwidth-code-point": "^3.0.0",
        "strip-ansi": "^6.0.0"
      }
    },
    "strip-ansi": {
      "version": "6.0.0",
      "resolved": "https://npm.apple.com/strip-ansi/-/strip-ansi-6.0.0.tgz",
      "integrity": "sha1-CxVx3XZpzNTz4G4U7x7tJiJa5TI=",
      "requires": {
        "ansi-regex": "^5.0.0"
      }
    },
    "supports-color": {
      "version": "7.2.0",
      "resolved": "https://npm.apple.com/supports-color/-/supports-color-7.2.0.tgz",
      "integrity": "sha1-G33NyzK4E4gBs+R4umpRyqiWSNo=",
      "requires": {
        "has-flag": "^4.0.0"
      }
    },
    "through": {
      "version": "2.3.8",
      "resolved": "https://npm.apple.com/through/-/through-2.3.8.tgz",
      "integrity": "sha1-DdTJ/6q8NXlgsbckEV1+Doai4fU="
    },
    "tmp": {
      "version": "0.0.33",
      "resolved": "https://npm.apple.com/tmp/-/tmp-0.0.33.tgz",
      "integrity": "sha1-bTQzWIl2jSGyvNoKonfO07G/rfk=",
      "requires": {
        "os-tmpdir": "~1.0.2"
      }
    },
    "tslib": {
      "version": "1.13.0",
      "resolved": "https://npm.apple.com/tslib/-/tslib-1.13.0.tgz",
      "integrity": "sha1-yIHhPMcBWJTtkUhi0nZDb6mkcEM="
    },
    "type-fest": {
      "version": "0.11.0",
      "resolved": "https://npm.apple.com/type-fest/-/type-fest-0.11.0.tgz",
      "integrity": "sha1-l6vwhyMQ/tiKXEZrJWgVdhReM/E="
    },
    "wcwidth": {
      "version": "1.0.1",
      "resolved": "https://npm.apple.com/wcwidth/-/wcwidth-1.0.1.tgz",
      "integrity": "sha1-8LDc+RW8X/FSivrbLA4XtTLaL+g=",
      "optional": true,
      "requires": {
        "defaults": "^1.0.3"
      }
    },
    "yallist": {
      "version": "3.1.1",
      "resolved": "https://npm.apple.com/yallist/-/yallist-3.1.1.tgz",
      "integrity": "sha1-27fa+b/YusmrRev2ArjLrQ1dCP0="
    }
  }
}
